# THIS IS AN AUTOGENERATED FILE. DO NOT EDIT THIS FILE DIRECTLY.
# yarn lockfile v1


"@babel/helper-module-imports@^7.0.0":
  version "7.0.0"
  resolved "https://registry.yarnpkg.com/@babel/helper-module-imports/-/helper-module-imports-7.0.0.tgz#96081b7111e486da4d2cd971ad1a4fe216cc2e3d"
  integrity sha512-aP/hlLq01DWNEiDg4Jn23i+CXxW/owM4WpDLFUbpjxe4NS3BhLVZQ5i7E0ZrxuQ/vwekIeciyamgB1UIYxxM6A==
  dependencies:
    "@babel/types" "^7.0.0"

"@babel/helper-plugin-utils@^7.0.0":
  version "7.0.0"
  resolved "https://registry.yarnpkg.com/@babel/helper-plugin-utils/-/helper-plugin-utils-7.0.0.tgz#bbb3fbee98661c569034237cc03967ba99b4f250"
  integrity sha512-CYAOUCARwExnEixLdB6sDm2dIJ/YgEAKDM1MOeMeZu9Ld/bDgVo8aiWrXwcY7OBh+1Ea2uUcVRcxKk0GJvW7QA==

"@babel/plugin-syntax-dynamic-import@^7.2.0":
  version "7.2.0"
  resolved "https://registry.yarnpkg.com/@babel/plugin-syntax-dynamic-import/-/plugin-syntax-dynamic-import-7.2.0.tgz#69c159ffaf4998122161ad8ebc5e6d1f55df8612"
  integrity sha512-mVxuJ0YroI/h/tbFTPGZR8cv6ai+STMKNBq0f8hFxsxWjl94qqhsb+wXbpNMDPU3cfR1TIsVFzU3nXyZMqyK4w==
  dependencies:
    "@babel/helper-plugin-utils" "^7.0.0"

"@babel/runtime@^7.1.2":
  version "7.4.4"
  resolved "https://registry.yarnpkg.com/@babel/runtime/-/runtime-7.4.4.tgz#dc2e34982eb236803aa27a07fea6857af1b9171d"
  integrity sha512-w0+uT71b6Yi7i5SE0co4NioIpSYS6lLiXvCzWzGSKvpK5vdQtCbICHMj+gbAKAOtxiV6HsVh/MBdaF9EQ6faSg==
  dependencies:
    regenerator-runtime "^0.13.2"

"@babel/types@^7.0.0":
  version "7.4.4"
  resolved "https://registry.yarnpkg.com/@babel/types/-/types-7.4.4.tgz#8db9e9a629bb7c29370009b4b779ed93fe57d5f0"
  integrity sha512-dOllgYdnEFOebhkKCjzSVFqw/PmmB8pH6RGOWkY4GsboQNd47b1fBThBSwlHAq9alF9vc1M3+6oqR47R50L0tQ==
  dependencies:
    esutils "^2.0.2"
    lodash "^4.17.11"
    to-fast-properties "^2.0.0"

"@hot-loader/react-dom@^16.8.6":
  version "16.8.6"
  resolved "https://registry.yarnpkg.com/@hot-loader/react-dom/-/react-dom-16.8.6.tgz#7923ba27db1563a7cc48d4e0b2879a140df461ea"
  integrity sha512-+JHIYh33FVglJYZAUtRjfT5qZoT2mueJGNzU5weS2CVw26BgbxGKSujlJhO85BaRbg8sqNWyW1hYBILgK3ZCgA==
  dependencies:
    loose-envify "^1.1.0"
    object-assign "^4.1.1"
    prop-types "^15.6.2"
    scheduler "^0.13.6"

asap@~2.0.3:
  version "2.0.6"
  resolved "https://registry.yarnpkg.com/asap/-/asap-2.0.6.tgz#e50347611d7e690943208bbdafebcbc2fb866d46"
  integrity sha1-5QNHYR1+aQlDIIu9r+vLwvuGbUY=

babel-plugin-universal-import@^4.0.0:
  version "4.0.0"
  resolved "https://registry.yarnpkg.com/babel-plugin-universal-import/-/babel-plugin-universal-import-4.0.0.tgz#e104049e8bd1ff3e028bbfb0a358554c3e28e347"
  integrity sha512-f+1cav9o7y7AiugeIETdbPwdcHYs78UcqBo2JXM5eYQLSDGjJpa03oB3o8sUyj+viSzVnMTGiPJEeJIXQRzcng==
  dependencies:
    "@babel/helper-module-imports" "^7.0.0"

big.js@^5.2.2:
  version "5.2.2"
  resolved "https://registry.yarnpkg.com/big.js/-/big.js-5.2.2.tgz#65f0af382f578bcdc742bd9c281e9cb2d7768328"
  integrity sha512-vyL2OymJxmarO8gxMr0mhChsO9QGwhynfuu4+MHTAW6czfq9humCB7rKpUjDd9YUiDPU4mzpyupFSvOClAwbmQ==

core-js@^1.0.0:
  version "1.2.7"
  resolved "https://registry.yarnpkg.com/core-js/-/core-js-1.2.7.tgz#652294c14651db28fa93bd2d5ff2983a4f08c636"
  integrity sha1-ZSKUwUZR2yj6k70tX/KYOk8IxjY=

create-react-context@^0.2.2:
  version "0.2.3"
  resolved "https://registry.yarnpkg.com/create-react-context/-/create-react-context-0.2.3.tgz#9ec140a6914a22ef04b8b09b7771de89567cb6f3"
  integrity sha512-CQBmD0+QGgTaxDL3OX1IDXYqjkp2It4RIbcb99jS6AEg27Ga+a9G3JtK6SIu0HBwPLZlmwt9F7UwWA4Bn92Rag==
  dependencies:
    fbjs "^0.8.0"
    gud "^1.0.0"

dom-walk@^0.1.0:
  version "0.1.1"
  resolved "https://registry.yarnpkg.com/dom-walk/-/dom-walk-0.1.1.tgz#672226dc74c8f799ad35307df936aba11acd6018"
  integrity sha1-ZyIm3HTI95mtNTB9+TaroRrNYBg=

emojis-list@^2.0.0:
  version "2.1.0"
  resolved "https://registry.yarnpkg.com/emojis-list/-/emojis-list-2.1.0.tgz#4daa4d9db00f9819880c79fa457ae5b09a1fd389"
  integrity sha1-TapNnbAPmBmIDHn6RXrlsJof04k=

encoding@^0.1.11:
  version "0.1.12"
  resolved "https://registry.yarnpkg.com/encoding/-/encoding-0.1.12.tgz#538b66f3ee62cd1ab51ec323829d1f9480c74beb"
  integrity sha1-U4tm8+5izRq1HsMjgp0flIDHS+s=
  dependencies:
    iconv-lite "~0.4.13"

esutils@^2.0.2:
  version "2.0.2"
  resolved "https://registry.yarnpkg.com/esutils/-/esutils-2.0.2.tgz#0abf4f1caa5bcb1f7a9d8acc6dea4faaa04bac9b"
  integrity sha1-Cr9PHKpbyx96nYrMbepPqqBLrJs=

fast-levenshtein@^2.0.6:
  version "2.0.6"
  resolved "https://registry.yarnpkg.com/fast-levenshtein/-/fast-levenshtein-2.0.6.tgz#3d8a5c66883a16a30ca8643e851f19baa7797917"
  integrity sha1-PYpcZog6FqMMqGQ+hR8Zuqd5eRc=

fbjs@^0.8.0:
  version "0.8.17"
  resolved "https://registry.yarnpkg.com/fbjs/-/fbjs-0.8.17.tgz#c4d598ead6949112653d6588b01a5cdcd9f90fdd"
  integrity sha1-xNWY6taUkRJlPWWIsBpc3Nn5D90=
  dependencies:
    core-js "^1.0.0"
    isomorphic-fetch "^2.1.1"
    loose-envify "^1.0.0"
    object-assign "^4.1.0"
    promise "^7.1.1"
    setimmediate "^1.0.5"
    ua-parser-js "^0.7.18"

global@^4.3.0:
  version "4.3.2"
  resolved "https://registry.yarnpkg.com/global/-/global-4.3.2.tgz#e76989268a6c74c38908b1305b10fc0e394e9d0f"
  integrity sha1-52mJJopsdMOJCLEwWxD8DjlOnQ8=
  dependencies:
    min-document "^2.19.0"
    process "~0.5.1"

gud@^1.0.0:
  version "1.0.0"
  resolved "https://registry.yarnpkg.com/gud/-/gud-1.0.0.tgz#a489581b17e6a70beca9abe3ae57de7a499852c0"
  integrity sha512-zGEOVKFM5sVPPrYs7J5/hYEw2Pof8KCyOwyhG8sAF26mCAeUFAcYPu1mwB7hhpIP29zOIBaDqwuHdLp0jvZXjw==

history@^4.9.0:
  version "4.9.0"
  resolved "https://registry.yarnpkg.com/history/-/history-4.9.0.tgz#84587c2068039ead8af769e9d6a6860a14fa1bca"
  integrity sha512-H2DkjCjXf0Op9OAr6nJ56fcRkTSNrUiv41vNJ6IswJjif6wlpZK0BTfFbi7qK9dXLSYZxkq5lBsj3vUjlYBYZA==
  dependencies:
    "@babel/runtime" "^7.1.2"
    loose-envify "^1.2.0"
    resolve-pathname "^2.2.0"
    tiny-invariant "^1.0.2"
    tiny-warning "^1.0.0"
    value-equal "^0.4.0"

hoist-non-react-statics@^2.2.1:
  version "2.5.5"
  resolved "https://registry.yarnpkg.com/hoist-non-react-statics/-/hoist-non-react-statics-2.5.5.tgz#c5903cf409c0dfd908f388e619d86b9c1174cb47"
  integrity sha512-rqcy4pJo55FTTLWt+bU8ukscqHeE/e9KWvsOW2b/a3afxQZhwkQdT1rPPCJ0rYXdj4vNcasY8zHTH+jF/qStxw==

hoist-non-react-statics@^3.1.0, hoist-non-react-statics@^3.3.0:
  version "3.3.0"
  resolved "https://registry.yarnpkg.com/hoist-non-react-statics/-/hoist-non-react-statics-3.3.0.tgz#b09178f0122184fb95acf525daaecb4d8f45958b"
  integrity sha512-0XsbTXxgiaCDYDIWFcwkmerZPSwywfUqYmwT4jzewKTQSWoE6FCMoUVOeBJWK3E/CrWbxRG3m5GzY4lnIwGRBA==
  dependencies:
    react-is "^16.7.0"

iconv-lite@~0.4.13:
  version "0.4.24"
  resolved "https://registry.yarnpkg.com/iconv-lite/-/iconv-lite-0.4.24.tgz#2022b4b25fbddc21d2f524974a474aafe733908b"
  integrity sha512-v3MXnZAcvnywkTUEZomIActle7RXXeedOR31wwl7VlyoXO4Qi9arvSenNQWne1TcRwhCL1HwLI21bEqdpj8/rA==
  dependencies:
    safer-buffer ">= 2.1.2 < 3"

is-stream@^1.0.1:
  version "1.1.0"
  resolved "https://registry.yarnpkg.com/is-stream/-/is-stream-1.1.0.tgz#12d4a3dd4e68e0b79ceb8dbc84173ae80d91ca44"
  integrity sha1-EtSj3U5o4Lec6428hBc66A2RykQ=

isarray@0.0.1:
  version "0.0.1"
  resolved "https://registry.yarnpkg.com/isarray/-/isarray-0.0.1.tgz#8a18acfca9a8f4177e09abfc6038939b05d1eedf"
  integrity sha1-ihis/Kmo9Bd+Cav8YDiTmwXR7t8=

isomorphic-fetch@^2.1.1:
  version "2.2.1"
  resolved "https://registry.yarnpkg.com/isomorphic-fetch/-/isomorphic-fetch-2.2.1.tgz#611ae1acf14f5e81f729507472819fe9733558a9"
  integrity sha1-YRrhrPFPXoH3KVB0coGf6XM1WKk=
  dependencies:
    node-fetch "^1.0.1"
    whatwg-fetch ">=0.10.0"

"js-tokens@^3.0.0 || ^4.0.0":
  version "4.0.0"
  resolved "https://registry.yarnpkg.com/js-tokens/-/js-tokens-4.0.0.tgz#19203fb59991df98e3a287050d4647cdeaf32499"
  integrity sha512-RdJUflcE3cUzKiMqQgsCu06FPu9UdIJO0beYbPhHN4k6apgJtifcoCtT9bcxOpYBtpD2kCM6Sbzg4CausW/PKQ==

json5@^1.0.1:
  version "1.0.1"
  resolved "https://registry.yarnpkg.com/json5/-/json5-1.0.1.tgz#779fb0018604fa854eacbf6252180d83543e3dbe"
  integrity sha512-aKS4WQjPenRxiQsC93MNfjx+nbF4PAdYzmd/1JIj8HYzqfbu86beTuNgXDzPknWk0n0uARlyewZo4s++ES36Ow==
  dependencies:
    minimist "^1.2.0"

loader-utils@^1.1.0:
  version "1.2.3"
  resolved "https://registry.yarnpkg.com/loader-utils/-/loader-utils-1.2.3.tgz#1ff5dc6911c9f0a062531a4c04b609406108c2c7"
  integrity sha512-fkpz8ejdnEMG3s37wGL07iSBDg99O9D5yflE9RGNH3hRdx9SOwYfnGYdZOUIZitN8E+E2vkq3MUMYMvPYl5ZZA==
  dependencies:
    big.js "^5.2.2"
    emojis-list "^2.0.0"
    json5 "^1.0.1"

lodash@^4.17.11:
  version "4.17.11"
  resolved "https://registry.yarnpkg.com/lodash/-/lodash-4.17.11.tgz#b39ea6229ef607ecd89e2c8df12536891cac9b8d"
  integrity sha512-cQKh8igo5QUhZ7lg38DYWAxMvjSAKG0A8wGSVimP07SIUEK2UO+arSRKbRZWtelMtN5V0Hkwh5ryOto/SshYIg==

loose-envify@^1.0.0, loose-envify@^1.1.0, loose-envify@^1.2.0, loose-envify@^1.3.1, loose-envify@^1.4.0:
  version "1.4.0"
  resolved "https://registry.yarnpkg.com/loose-envify/-/loose-envify-1.4.0.tgz#71ee51fa7be4caec1a63839f7e682d8132d30caf"
  integrity sha512-lyuxPGr/Wfhrlem2CL/UcnUc1zcqKAImBDzukY7Y5F/yQiNdko6+fRLevlw1HgMySw7f611UIY408EtxRSoK3Q==
  dependencies:
    js-tokens "^3.0.0 || ^4.0.0"

min-document@^2.19.0:
  version "2.19.0"
  resolved "https://registry.yarnpkg.com/min-document/-/min-document-2.19.0.tgz#7bd282e3f5842ed295bb748cdd9f1ffa2c824685"
  integrity sha1-e9KC4/WELtKVu3SM3Z8f+iyCRoU=
  dependencies:
    dom-walk "^0.1.0"

minimist@^1.2.0:
  version "1.2.0"
  resolved "https://registry.yarnpkg.com/minimist/-/minimist-1.2.0.tgz#a35008b20f41383eec1fb914f4cd5df79a264284"
  integrity sha1-o1AIsg9BOD7sH7kU9M1d95omQoQ=

node-fetch@^1.0.1:
  version "1.7.3"
  resolved "https://registry.yarnpkg.com/node-fetch/-/node-fetch-1.7.3.tgz#980f6f72d85211a5347c6b2bc18c5b84c3eb47ef"
  integrity sha512-NhZ4CsKx7cYm2vSrBAr2PvFOe6sWDf0UYLRqA6svUYg7+/TSfVAu49jYC4BvQ4Sms9SZgdqGBgroqfDhJdTyKQ==
  dependencies:
    encoding "^0.1.11"
    is-stream "^1.0.1"

object-assign@^4.1.0, object-assign@^4.1.1:
  version "4.1.1"
  resolved "https://registry.yarnpkg.com/object-assign/-/object-assign-4.1.1.tgz#2109adc7965887cfc05cbbd442cac8bfbb360863"
  integrity sha1-IQmtx5ZYh8/AXLvUQsrIv7s2CGM=

path-to-regexp@^1.7.0:
  version "1.7.0"
  resolved "https://registry.yarnpkg.com/path-to-regexp/-/path-to-regexp-1.7.0.tgz#59fde0f435badacba103a84e9d3bc64e96b9937d"
  integrity sha1-Wf3g9DW62suhA6hOnTvGTpa5k30=
  dependencies:
    isarray "0.0.1"

process@~0.5.1:
  version "0.5.2"
  resolved "https://registry.yarnpkg.com/process/-/process-0.5.2.tgz#1638d8a8e34c2f440a91db95ab9aeb677fc185cf"
  integrity sha1-FjjYqONML0QKkduVq5rrZ3/Bhc8=

promise@^7.1.1:
  version "7.3.1"
  resolved "https://registry.yarnpkg.com/promise/-/promise-7.3.1.tgz#064b72602b18f90f29192b8b1bc418ffd1ebd3bf"
  integrity sha512-nolQXZ/4L+bP/UGlkfaIujX9BKxGwmQ9OT4mOt5yvy8iK1h3wqTEJCijzGANTCCl9nWjY41juyAn2K3Q1hLLTg==
  dependencies:
    asap "~2.0.3"

prop-types@^15.5.10, prop-types@^15.6.1, prop-types@^15.6.2, prop-types@^15.7.2:
  version "15.7.2"
  resolved "https://registry.yarnpkg.com/prop-types/-/prop-types-15.7.2.tgz#52c41e75b8c87e72b9d9360e0206b99dcbffa6c5"
  integrity sha512-8QQikdH7//R2vurIJSutZ1smHYTcLpRWEOlHnzcWHmBYrOGUysKwSsrC89BCiFj3CbrfJ/nXFdJepOVrY1GCHQ==
  dependencies:
    loose-envify "^1.4.0"
    object-assign "^4.1.1"
    react-is "^16.8.1"

ramda@^0.26.1:
  version "0.26.1"
  resolved "https://registry.yarnpkg.com/ramda/-/ramda-0.26.1.tgz#8d41351eb8111c55353617fc3bbffad8e4d35d06"
  integrity sha512-hLWjpy7EnsDBb0p+Z3B7rPi3GDeRG5ZtiI33kJhTt+ORCd38AbAIjB/9zRIUoeTbE/AVX5ZkU7m6bznsvrf8eQ==

react-hot-loader@^4.3.6, react-hot-loader@^4.8.4:
  version "4.8.4"
  resolved "https://registry.yarnpkg.com/react-hot-loader/-/react-hot-loader-4.8.4.tgz#357ba342e367fd42d6a870a9c0601c23fa0730c6"
  integrity sha512-O98btZXcm24ZgP+aPBD0W9N+GEnkOg6vlLEy/IMZ53u3K/dGqO0I/RU4qrmQzE+wMDLpwNo5TwxaAjVw9Y+IBA==
  dependencies:
    fast-levenshtein "^2.0.6"
    global "^4.3.0"
    hoist-non-react-statics "^3.3.0"
    loader-utils "^1.1.0"
    lodash "^4.17.11"
    prop-types "^15.6.1"
    react-lifecycles-compat "^3.0.4"
    shallowequal "^1.0.2"
    source-map "^0.7.3"

react-is@^16.6.0, react-is@^16.7.0, react-is@^16.8.1:
  version "16.8.6"
  resolved "https://registry.yarnpkg.com/react-is/-/react-is-16.8.6.tgz#5bbc1e2d29141c9fbdfed456343fe2bc430a6a16"
  integrity sha512-aUk3bHfZ2bRSVFFbbeVS4i+lNPZr3/WM5jT2J5omUVV1zzcs1nAaf3l51ctA5FFvCRbhrH0bdAsRRQddFJZPtA==

react-lifecycles-compat@^3.0.4:
  version "3.0.4"
  resolved "https://registry.yarnpkg.com/react-lifecycles-compat/-/react-lifecycles-compat-3.0.4.tgz#4f1a273afdfc8f3488a8c516bfda78f872352362"
  integrity sha512-fBASbA6LnOU9dOU2eW7aQ8xmYBSXUIWr+UmF9b1efZBazGNO+rcXT/icdKnYm2pTwcRylVUYwW7H1PHfLekVzA==

react-router@^5.0.0:
  version "5.0.0"
  resolved "https://registry.yarnpkg.com/react-router/-/react-router-5.0.0.tgz#349863f769ffc2fa10ee7331a4296e86bc12879d"
  integrity sha512-6EQDakGdLG/it2x9EaCt9ZpEEPxnd0OCLBHQ1AcITAAx7nCnyvnzf76jKWG1s2/oJ7SSviUgfWHofdYljFexsA==
  dependencies:
    "@babel/runtime" "^7.1.2"
    create-react-context "^0.2.2"
    history "^4.9.0"
    hoist-non-react-statics "^3.1.0"
    loose-envify "^1.3.1"
    path-to-regexp "^1.7.0"
    prop-types "^15.6.2"
    react-is "^16.6.0"
    tiny-invariant "^1.0.2"
    tiny-warning "^1.0.0"

react-universal-component@^4.0.0:
  version "4.0.0"
  resolved "https://registry.yarnpkg.com/react-universal-component/-/react-universal-component-4.0.0.tgz#51e74198b98092dff6faf25315091070547ed129"
  integrity sha512-FOL+1ZDS7Fp6AvUbkTDjttTOGxSRJZaU5M9MX+mm/Uj4/Azq7r2TpFACaUvMxFUYHjDRg2NpKwZDsHvywXMvMg==
  dependencies:
    hoist-non-react-statics "^2.2.1"
    prop-types "^15.5.10"
    react-hot-loader "^4.3.6"

regenerator-runtime@^0.13.2:
  version "0.13.2"
  resolved "https://registry.yarnpkg.com/regenerator-runtime/-/regenerator-runtime-0.13.2.tgz#32e59c9a6fb9b1a4aff09b4930ca2d4477343447"
  integrity sha512-S/TQAZJO+D3m9xeN1WTI8dLKBBiRgXBlTJvbWjCThHWZj9EvHK70Ff50/tYj2J/fvBY6JtFVwRuazHN2E7M9BA==

resolve-pathname@^2.2.0:
  version "2.2.0"
  resolved "https://registry.yarnpkg.com/resolve-pathname/-/resolve-pathname-2.2.0.tgz#7e9ae21ed815fd63ab189adeee64dc831eefa879"
  integrity sha512-bAFz9ld18RzJfddgrO2e/0S2O81710++chRMUxHjXOYKF6jTAMrUNZrEZ1PvV0zlhfjidm08iRPdTLPno1FuRg==

"safer-buffer@>= 2.1.2 < 3":
  version "2.1.2"
  resolved "https://registry.yarnpkg.com/safer-buffer/-/safer-buffer-2.1.2.tgz#44fa161b0187b9549dd84bb91802f9bd8385cd6a"
  integrity sha512-YZo3K82SD7Riyi0E1EQPojLz7kpepnSQI9IyPbHHg1XXXevb5dJI7tpyN2ADxGcQbHG7vcyRHk0cbwqcQriUtg==

scheduler@^0.13.6:
  version "0.13.6"
  resolved "https://registry.yarnpkg.com/scheduler/-/scheduler-0.13.6.tgz#466a4ec332467b31a91b9bf74e5347072e4cd889"
  integrity sha512-IWnObHt413ucAYKsD9J1QShUKkbKLQQHdxRyw73sw4FN26iWr3DY/H34xGPe4nmL1DwXyWmSWmMrA9TfQbE/XQ==
  dependencies:
    loose-envify "^1.1.0"
    object-assign "^4.1.1"

setimmediate@^1.0.5:
  version "1.0.5"
  resolved "https://registry.yarnpkg.com/setimmediate/-/setimmediate-1.0.5.tgz#290cbb232e306942d7d7ea9b83732ab7856f8285"
  integrity sha1-KQy7Iy4waULX1+qbg3Mqt4VvgoU=

shallowequal@^1.0.2:
  version "1.1.0"
  resolved "https://registry.yarnpkg.com/shallowequal/-/shallowequal-1.1.0.tgz#188d521de95b9087404fd4dcb68b13df0ae4e7f8"
  integrity sha512-y0m1JoUZSlPAjXVtPPW70aZWfIL/dSP7AFkRnniLCrK/8MDKog3TySTBmckD+RObVxH0v4Tox67+F14PdED2oQ==

source-map@^0.7.3:
  version "0.7.3"
  resolved "https://registry.yarnpkg.com/source-map/-/source-map-0.7.3.tgz#5302f8169031735226544092e64981f751750383"
  integrity sha512-CkCj6giN3S+n9qrYiBTX5gystlENnRW5jZeNLHpe6aue+SrHcG5VYwujhW9s4dY31mEGsxBDrHR6oI69fTXsaQ==

tiny-invariant@^1.0.2:
  version "1.0.4"
  resolved "https://registry.yarnpkg.com/tiny-invariant/-/tiny-invariant-1.0.4.tgz#346b5415fd93cb696b0c4e8a96697ff590f92463"
  integrity sha512-lMhRd/djQJ3MoaHEBrw8e2/uM4rs9YMNk0iOr8rHQ0QdbM7D4l0gFl3szKdeixrlyfm9Zqi4dxHCM2qVG8ND5g==

tiny-warning@^1.0.0:
  version "1.0.2"
  resolved "https://registry.yarnpkg.com/tiny-warning/-/tiny-warning-1.0.2.tgz#1dfae771ee1a04396bdfde27a3adcebc6b648b28"
  integrity sha512-rru86D9CpQRLvsFG5XFdy0KdLAvjdQDyZCsRcuu60WtzFylDM3eAWSxEVz5kzL2Gp544XiUvPbVKtOA/txLi9Q==

to-fast-properties@^2.0.0:
  version "2.0.0"
  resolved "https://registry.yarnpkg.com/to-fast-properties/-/to-fast-properties-2.0.0.tgz#dc5e698cbd079265bc73e0377681a4e4e83f616e"
  integrity sha1-3F5pjL0HkmW8c+A3doGk5Og/YW4=

ua-parser-js@^0.7.18:
  version "0.7.19"
  resolved "https://registry.yarnpkg.com/ua-parser-js/-/ua-parser-js-0.7.19.tgz#94151be4c0a7fb1d001af7022fdaca4642659e4b"
  integrity sha512-T3PVJ6uz8i0HzPxOF9SWzWAlfN/DavlpQqepn22xgve/5QecC+XMCAtmUNnY7C9StehaV6exjUCI801lOI7QlQ==

value-equal@^0.4.0:
  version "0.4.0"
  resolved "https://registry.yarnpkg.com/value-equal/-/value-equal-0.4.0.tgz#c5bdd2f54ee093c04839d71ce2e4758a6890abc7"
  integrity sha512-x+cYdNnaA3CxvMaTX0INdTCN8m8aF2uY9BvEqmxuYp8bL09cs/kWVQPVGcA35fMktdOsP69IgU7wFj/61dJHEw==

webpack-flush-chunks@^2.0.3:
  version "2.0.3"
  resolved "https://registry.yarnpkg.com/webpack-flush-chunks/-/webpack-flush-chunks-2.0.3.tgz#77a4f18d101f889ec33456a0c64a8c0f8b4600db"
  integrity sha512-CXGOyXG5YjjxyI+Qyt3VlI//JX92UmGRNP65zN3o9CIntEzfzc1J30YTKRRvF1JsE/iEzbnp5u99yCkL9obotQ==

whatwg-fetch@>=0.10.0:
  version "3.0.0"
  resolved "https://registry.yarnpkg.com/whatwg-fetch/-/whatwg-fetch-3.0.0.tgz#fc804e458cc460009b1a2b966bc8817d2578aefb"
  integrity sha512-9GSJUgz1D4MfyKU7KRqwOjXCXTqWdFNvEr7eUBYchQiVc744mqK/MzXPNR2WsPkmkOa4ywfg8C2n8h+13Bey1Q==
